<?xml version="1.0" encoding="utf-8"?>
<Project ToolsVersion="4.0" xmlns="http://schemas.microsoft.com/developer/msbuild/2003">
  <ItemGroup>
    <Filter Include="Source Files">
      <UniqueIdentifier>{4FC737F1-C7A5-4376-A066-2A32D752A2FF}</UniqueIdentifier>
      <Extensions>cpp;c;cc;cxx;def;odl;idl;hpj;bat;asm;asmx</Extensions>
    </Filter>
    <Filter Include="Header Files">
      <UniqueIdentifier>{93995380-89BD-4b04-88EB-625FBE52EBFB}</UniqueIdentifier>
      <Extensions>h;hh;hpp;hxx;hm;inl;inc;ipp;xsd</Extensions>
    </Filter>
    <Filter Include="Resource Files">
      <UniqueIdentifier>{67DA6AB6-F800-4c08-8B7A-83BB121AAD01}</UniqueIdentifier>
      <Extensions>rc;ico;cur;bmp;dlg;rc2;rct;bin;rgs;gif;jpg;jpeg;jpe;resx;tiff;tif;png;wav;mfcribbon-ms</Extensions>
    </Filter>
    <Filter Include="Source Files\Core">
      <UniqueIdentifier>{166d5ed4-5318-427b-a44b-b825ee16733e}</UniqueIdentifier>
    </Filter>
    <Filter Include="Source Files\Core\Passes">
      <UniqueIdentifier>{1c8b7bb1-fe6d-40f7-9a52-09012f731057}</UniqueIdentifier>
    </Filter>
    <Filter Include="Source Files\Core\Passes\GenerateGBuffer">
      <UniqueIdentifier>{bb658bf0-303c-4b29-b753-d895134f90ad}</UniqueIdentifier>
    </Filter>
    <Filter Include="Source Files\Core\Passes\LitGBuffer">
      <UniqueIdentifier>{f01eac67-ac6b-4369-a239-7870e5246f31}</UniqueIdentifier>
    </Filter>
    <Filter Include="Source Files\Core\Passes\GenerateShadowMaps">
      <UniqueIdentifier>{f03fd3f7-7a53-45b5-b560-573c878e0d1b}</UniqueIdentifier>
    </Filter>
    <Filter Include="Source Files\Core\Passes\SkyBox">
      <UniqueIdentifier>{cc810548-61cd-4373-a635-e65ee17b31e8}</UniqueIdentifier>
    </Filter>
    <Filter Include="Source Files\Core\Passes\Tonemap">
      <UniqueIdentifier>{157ab17d-3781-4233-a5d5-0704780fd4c4}</UniqueIdentifier>
    </Filter>
    <Filter Include="Source Files\Core\Settings">
      <UniqueIdentifier>{44578ddc-dd29-48b6-b989-432ce42f1787}</UniqueIdentifier>
    </Filter>
  </ItemGroup>
  <ItemGroup>
    <ClCompile Include="Source.cpp">
      <Filter>Source Files</Filter>
    </ClCompile>
    <ClCompile Include="Core\GBuffer.cpp">
      <Filter>Source Files\Core</Filter>
    </ClCompile>
    <ClCompile Include="Core\Light.cpp">
      <Filter>Source Files\Core</Filter>
    </ClCompile>
    <ClCompile Include="Core\Renderer.cpp">
      <Filter>Source Files\Core</Filter>
    </ClCompile>
    <ClCompile Include="Core\Shader.cpp">
      <Filter>Source Files\Core</Filter>
    </ClCompile>
    <ClCompile Include="Core\Texture.cpp">
      <Filter>Source Files\Core</Filter>
    </ClCompile>
    <ClCompile Include="Core\Window.cpp">
      <Filter>Source Files\Core</Filter>
    </ClCompile>
    <ClCompile Include="Core\World.cpp">
      <Filter>Source Files\Core</Filter>
    </ClCompile>
    <ClCompile Include="Core\Passes\GenerateGBuffer\GenerateGbuffer.cpp">
      <Filter>Source Files\Core\Passes\GenerateGBuffer</Filter>
    </ClCompile>
    <ClCompile Include="Core\Passes\GenerateShadowMaps\GenerateShadowMaps.cpp">
      <Filter>Source Files\Core\Passes\GenerateShadowMaps</Filter>
    </ClCompile>
    <ClCompile Include="Core\Passes\SkyBox\SkyBox.cpp">
      <Filter>Source Files\Core\Passes\SkyBox</Filter>
    </ClCompile>
    <ClCompile Include="Core\Resources.cpp">
      <Filter>Source Files\Core</Filter>
    </ClCompile>
    <ClCompile Include="Core\Passes\Tonemap\Tonemap.cpp">
      <Filter>Source Files\Core\Passes\Tonemap</Filter>
    </ClCompile>
    <ClCompile Include="Core\Passes\LitGBuffer\LitGBufferPS.cpp">
      <Filter>Source Files\Core\Passes\LitGBuffer</Filter>
    </ClCompile>
    <ClCompile Include="Core\Passes\LitGBuffer\LitGBufferCS.cpp">
      <Filter>Source Files\Core\Passes\LitGBuffer</Filter>
    </ClCompile>
  </ItemGroup>
  <ItemGroup>
    <ClInclude Include="Core\Camera.hpp">
      <Filter>Source Files\Core</Filter>
    </ClInclude>
    <ClInclude Include="Core\GBuffer.hpp">
      <Filter>Source Files\Core</Filter>
    </ClInclude>
    <ClInclude Include="Core\Light.hpp">
      <Filter>Source Files\Core</Filter>
    </ClInclude>
    <ClInclude Include="Core\Pass.hpp">
      <Filter>Source Files\Core</Filter>
    </ClInclude>
    <ClInclude Include="Core\Renderer.hpp">
      <Filter>Source Files\Core</Filter>
    </ClInclude>
    <ClInclude Include="Core\Shader.hpp">
      <Filter>Source Files\Core</Filter>
    </ClInclude>
    <ClInclude Include="Core\Texture.hpp">
      <Filter>Source Files\Core</Filter>
    </ClInclude>
    <ClInclude Include="Core\tiny_obj_loader.h">
      <Filter>Source Files\Core</Filter>
    </ClInclude>
    <ClInclude Include="Core\Window.hpp">
      <Filter>Source Files\Core</Filter>
    </ClInclude>
    <ClInclude Include="Core\World.hpp">
      <Filter>Source Files\Core</Filter>
    </ClInclude>
    <ClInclude Include="Core\Passes\GenerateGBuffer\GenerateGbuffer.hpp">
      <Filter>Source Files\Core\Passes\GenerateGBuffer</Filter>
    </ClInclude>
    <ClInclude Include="Camera.hpp">
      <Filter>Header Files</Filter>
    </ClInclude>
    <ClInclude Include="Light.hpp">
      <Filter>Header Files</Filter>
    </ClInclude>
    <ClInclude Include="Renderer.hpp">
      <Filter>Header Files</Filter>
    </ClInclude>
    <ClInclude Include="Texture.hpp">
      <Filter>Header Files</Filter>
    </ClInclude>
    <ClInclude Include="Window.hpp">
      <Filter>Header Files</Filter>
    </ClInclude>
    <ClInclude Include="World.hpp">
      <Filter>Header Files</Filter>
    </ClInclude>
    <ClInclude Include="Core\Passes\GenerateShadowMaps\GenerateShadowMaps.hpp">
      <Filter>Source Files\Core\Passes\GenerateShadowMaps</Filter>
    </ClInclude>
    <ClInclude Include="Core\Passes\SkyBox\SkyBox.hpp">
      <Filter>Source Files\Core\Passes\SkyBox</Filter>
    </ClInclude>
    <ClInclude Include="Core\Resources.hpp">
      <Filter>Source Files\Core</Filter>
    </ClInclude>
    <ClInclude Include="Core\Passes\Tonemap\Tonemap.hpp">
      <Filter>Source Files\Core\Passes\Tonemap</Filter>
    </ClInclude>
    <ClInclude Include="Core\Settings.hpp">
      <Filter>Source Files\Core</Filter>
    </ClInclude>
    <ClInclude Include="Core\SettingsHolder.hpp">
      <Filter>Source Files\Core</Filter>
    </ClInclude>
    <ClInclude Include="Core\Settings\RenderSettings.hpp">
      <Filter>Source Files\Core\Settings</Filter>
    </ClInclude>
    <ClInclude Include="Core\Passes\LitGBuffer\LitGBufferPS.hpp">
      <Filter>Source Files\Core\Passes\LitGBuffer</Filter>
    </ClInclude>
    <ClInclude Include="Core\Passes\LitGBuffer\LitGBufferCS.hpp">
      <Filter>Source Files\Core\Passes\LitGBuffer</Filter>
    </ClInclude>
  </ItemGroup>
</Project>